{
  "name": "botbuild",
  "version": "1.0.0",
  "lockfileVersion": 3,
  "requires": true,
  "packages": {
    "": {
      "name": "botbuild",
      "version": "1.0.0",
      "license": "ISC",
      "dependencies": {
        "twurple": "^1.0.0"
      }
    },
    "node_modules/twurple": {
      "version": "1.0.0",
      "resolved": "https://registry.npmjs.org/twurple/-/twurple-1.0.0.tgz",
      "integrity": "sha512-DICL95DzcupVH4LoW6vAfMufJUYZp7T4S5TbsrtgFdzd1pUfA2PzuNDOE+KrXpYQgmQxlWtg0a7Z5ugVhTjbIQ==",
      "deprecated": "This is not the correct twurple package. The real packages are under the @twurple org. Please read the documentation at https://twurple.js.org/ for more information. (There will be something real at this name at a later date.)",
      "license": "ISC"
    }
  }
}
